
Microsoft Visual Studio Solution File, Format Version 12.00
# Visual Studio Version 17
VisualStudioVersion = 17.2.32616.157
MinimumVisualStudioVersion = 10.0.40219.1
Project("{2150E333-8FDC-42A3-9474-1A3956D46DE8}") = "Core", "Core", "{5D9C4A8B-314A-45B4-8E31-58A1DB3F0F3A}"
EndProject
Project("{2150E333-8FDC-42A3-9474-1A3956D46DE8}") = "Services", "Services", "{1B512F37-8FF8-4DFF-9FA2-D6BB2BF81C46}"
EndProject
Project("{9A19103F-16F7-4668-BE54-9A1E7A4F7556}") = "BookingAppDio.Bus", "src\core\BookingAppDio.Bus\BookingAppDio.Bus.csproj", "{190A0F88-88A1-4F7F-96F5-A03344456BE4}"
EndProject
Project("{9A19103F-16F7-4668-BE54-9A1E7A4F7556}") = "BookingAppDio.Core", "src\core\BookingAppDio.Core\BookingAppDio.Core.csproj", "{11754E73-5314-4511-9CDE-4A7DB6DC159F}"
EndProject
Project("{2150E333-8FDC-42A3-9474-1A3956D46DE8}") = "Booking", "Booking", "{BA6CA413-D6E7-4E9A-9BA1-BC50295B50B2}"
EndProject
Project("{2150E333-8FDC-42A3-9474-1A3956D46DE8}") = "Flight", "Flight", "{EC708099-A8ED-4B2D-AAC4-30373120A873}"
EndProject
Project("{2150E333-8FDC-42A3-9474-1A3956D46DE8}") = "Email", "Email", "{C1D07077-0FB9-45DB-9C74-DCA575E1716B}"
EndProject
Project("{2150E333-8FDC-42A3-9474-1A3956D46DE8}") = "Identity", "Identity", "{DCA3773D-D29A-41B3-A19F-5F510D116F61}"
EndProject
Project("{2150E333-8FDC-42A3-9474-1A3956D46DE8}") = "Passenger", "Passenger", "{C510C6A1-BA3B-467A-998B-19410F5106FE}"
EndProject
Project("{9A19103F-16F7-4668-BE54-9A1E7A4F7556}") = "BookingAppDio.Booking.Infra", "src\services\booking\BookingAppDio.Booking.Infra\BookingAppDio.Booking.Infra.csproj", "{7F7D7FCB-AFD7-42A9-B9EE-DFDE9DA952A5}"
EndProject
Project("{9A19103F-16F7-4668-BE54-9A1E7A4F7556}") = "BookingAppDio.Email", "src\services\email\BookingAppDio.Email\BookingAppDio.Email.csproj", "{A5A8377F-C564-4C59-9BD5-388C3D70C0F4}"
EndProject
Project("{9A19103F-16F7-4668-BE54-9A1E7A4F7556}") = "BookingAppDio.Identity", "src\services\identity\BookingAppDio.Identity\BookingAppDio.Identity.csproj", "{35AB5FD2-7C8A-427B-8D39-B5E6E6780556}"
EndProject
Project("{9A19103F-16F7-4668-BE54-9A1E7A4F7556}") = "BookinAppDio.Passenger", "src\services\passenger\BookinAppDio.Passenger\BookinAppDio.Passenger.csproj", "{3FC7E4AF-8BFF-459D-82CD-3FDBE6FB6A2C}"
EndProject
Project("{9A19103F-16F7-4668-BE54-9A1E7A4F7556}") = "BookingAppDio.Flight.API", "src\services\flight\BookingAppDio.Flight.API\BookingAppDio.Flight.API.csproj", "{FDD30C28-7202-4640-931E-32AD0CCD8FAA}"
EndProject
Project("{9A19103F-16F7-4668-BE54-9A1E7A4F7556}") = "BookingAppDio.Flight.Domain", "src\services\flight\BookingAppDio.Flight.Domain\BookingAppDio.Flight.Domain.csproj", "{B7CEE601-258C-42FE-9F27-C9D569027769}"
EndProject
Project("{9A19103F-16F7-4668-BE54-9A1E7A4F7556}") = "BookingAppDio.Flight.Infra", "src\services\flight\BookingAppDio.Flight.Infra\BookingAppDio.Flight.Infra.csproj", "{54E3425B-903E-4486-87A0-7CA4BF1FB53F}"
EndProject
Project("{9A19103F-16F7-4668-BE54-9A1E7A4F7556}") = "BookingAppDio.Booking.Domain", "src\services\booking\BookingAppDio.Booking.Domain\BookingAppDio.Booking.Domain.csproj", "{12CE9D1C-6255-479F-A992-345A75CFA495}"
EndProject
Project("{9A19103F-16F7-4668-BE54-9A1E7A4F7556}") = "BookingAppDio.Booking.API", "src\services\booking\BookingAppDio.Booking.API\BookingAppDio.Booking.API.csproj", "{0F195509-7C8A-4110-8655-AE33C93941FE}"
EndProject
Global
	GlobalSection(SolutionConfigurationPlatforms) = preSolution
		Debug|Any CPU = Debug|Any CPU
		Release|Any CPU = Release|Any CPU
	EndGlobalSection
	GlobalSection(ProjectConfigurationPlatforms) = postSolution
		{190A0F88-88A1-4F7F-96F5-A03344456BE4}.Debug|Any CPU.ActiveCfg = Debug|Any CPU
		{190A0F88-88A1-4F7F-96F5-A03344456BE4}.Debug|Any CPU.Build.0 = Debug|Any CPU
		{190A0F88-88A1-4F7F-96F5-A03344456BE4}.Release|Any CPU.ActiveCfg = Release|Any CPU
		{190A0F88-88A1-4F7F-96F5-A03344456BE4}.Release|Any CPU.Build.0 = Release|Any CPU
		{11754E73-5314-4511-9CDE-4A7DB6DC159F}.Debug|Any CPU.ActiveCfg = Debug|Any CPU
		{11754E73-5314-4511-9CDE-4A7DB6DC159F}.Debug|Any CPU.Build.0 = Debug|Any CPU
		{11754E73-5314-4511-9CDE-4A7DB6DC159F}.Release|Any CPU.ActiveCfg = Release|Any CPU
		{11754E73-5314-4511-9CDE-4A7DB6DC159F}.Release|Any CPU.Build.0 = Release|Any CPU
		{7F7D7FCB-AFD7-42A9-B9EE-DFDE9DA952A5}.Debug|Any CPU.ActiveCfg = Debug|Any CPU
		{7F7D7FCB-AFD7-42A9-B9EE-DFDE9DA952A5}.Debug|Any CPU.Build.0 = Debug|Any CPU
		{7F7D7FCB-AFD7-42A9-B9EE-DFDE9DA952A5}.Release|Any CPU.ActiveCfg = Release|Any CPU
		{7F7D7FCB-AFD7-42A9-B9EE-DFDE9DA952A5}.Release|Any CPU.Build.0 = Release|Any CPU
		{A5A8377F-C564-4C59-9BD5-388C3D70C0F4}.Debug|Any CPU.ActiveCfg = Debug|Any CPU
		{A5A8377F-C564-4C59-9BD5-388C3D70C0F4}.Debug|Any CPU.Build.0 = Debug|Any CPU
		{A5A8377F-C564-4C59-9BD5-388C3D70C0F4}.Release|Any CPU.ActiveCfg = Release|Any CPU
		{A5A8377F-C564-4C59-9BD5-388C3D70C0F4}.Release|Any CPU.Build.0 = Release|Any CPU
		{35AB5FD2-7C8A-427B-8D39-B5E6E6780556}.Debug|Any CPU.ActiveCfg = Debug|Any CPU
		{35AB5FD2-7C8A-427B-8D39-B5E6E6780556}.Debug|Any CPU.Build.0 = Debug|Any CPU
		{35AB5FD2-7C8A-427B-8D39-B5E6E6780556}.Release|Any CPU.ActiveCfg = Release|Any CPU
		{35AB5FD2-7C8A-427B-8D39-B5E6E6780556}.Release|Any CPU.Build.0 = Release|Any CPU
		{3FC7E4AF-8BFF-459D-82CD-3FDBE6FB6A2C}.Debug|Any CPU.ActiveCfg = Debug|Any CPU
		{3FC7E4AF-8BFF-459D-82CD-3FDBE6FB6A2C}.Debug|Any CPU.Build.0 = Debug|Any CPU
		{3FC7E4AF-8BFF-459D-82CD-3FDBE6FB6A2C}.Release|Any CPU.ActiveCfg = Release|Any CPU
		{3FC7E4AF-8BFF-459D-82CD-3FDBE6FB6A2C}.Release|Any CPU.Build.0 = Release|Any CPU
		{FDD30C28-7202-4640-931E-32AD0CCD8FAA}.Debug|Any CPU.ActiveCfg = Debug|Any CPU
		{FDD30C28-7202-4640-931E-32AD0CCD8FAA}.Debug|Any CPU.Build.0 = Debug|Any CPU
		{FDD30C28-7202-4640-931E-32AD0CCD8FAA}.Release|Any CPU.ActiveCfg = Release|Any CPU
		{FDD30C28-7202-4640-931E-32AD0CCD8FAA}.Release|Any CPU.Build.0 = Release|Any CPU
		{B7CEE601-258C-42FE-9F27-C9D569027769}.Debug|Any CPU.ActiveCfg = Debug|Any CPU
		{B7CEE601-258C-42FE-9F27-C9D569027769}.Debug|Any CPU.Build.0 = Debug|Any CPU
		{B7CEE601-258C-42FE-9F27-C9D569027769}.Release|Any CPU.ActiveCfg = Release|Any CPU
		{B7CEE601-258C-42FE-9F27-C9D569027769}.Release|Any CPU.Build.0 = Release|Any CPU
		{54E3425B-903E-4486-87A0-7CA4BF1FB53F}.Debug|Any CPU.ActiveCfg = Debug|Any CPU
		{54E3425B-903E-4486-87A0-7CA4BF1FB53F}.Debug|Any CPU.Build.0 = Debug|Any CPU
		{54E3425B-903E-4486-87A0-7CA4BF1FB53F}.Release|Any CPU.ActiveCfg = Release|Any CPU
		{54E3425B-903E-4486-87A0-7CA4BF1FB53F}.Release|Any CPU.Build.0 = Release|Any CPU
		{12CE9D1C-6255-479F-A992-345A75CFA495}.Debug|Any CPU.ActiveCfg = Debug|Any CPU
		{12CE9D1C-6255-479F-A992-345A75CFA495}.Debug|Any CPU.Build.0 = Debug|Any CPU
		{12CE9D1C-6255-479F-A992-345A75CFA495}.Release|Any CPU.ActiveCfg = Release|Any CPU
		{12CE9D1C-6255-479F-A992-345A75CFA495}.Release|Any CPU.Build.0 = Release|Any CPU
		{0F195509-7C8A-4110-8655-AE33C93941FE}.Debug|Any CPU.ActiveCfg = Debug|Any CPU
		{0F195509-7C8A-4110-8655-AE33C93941FE}.Debug|Any CPU.Build.0 = Debug|Any CPU
		{0F195509-7C8A-4110-8655-AE33C93941FE}.Release|Any CPU.ActiveCfg = Release|Any CPU
		{0F195509-7C8A-4110-8655-AE33C93941FE}.Release|Any CPU.Build.0 = Release|Any CPU
	EndGlobalSection
	GlobalSection(SolutionProperties) = preSolution
		HideSolutionNode = FALSE
	EndGlobalSection
	GlobalSection(NestedProjects) = preSolution
		{190A0F88-88A1-4F7F-96F5-A03344456BE4} = {5D9C4A8B-314A-45B4-8E31-58A1DB3F0F3A}
		{11754E73-5314-4511-9CDE-4A7DB6DC159F} = {5D9C4A8B-314A-45B4-8E31-58A1DB3F0F3A}
		{BA6CA413-D6E7-4E9A-9BA1-BC50295B50B2} = {1B512F37-8FF8-4DFF-9FA2-D6BB2BF81C46}
		{EC708099-A8ED-4B2D-AAC4-30373120A873} = {1B512F37-8FF8-4DFF-9FA2-D6BB2BF81C46}
		{C1D07077-0FB9-45DB-9C74-DCA575E1716B} = {1B512F37-8FF8-4DFF-9FA2-D6BB2BF81C46}
		{DCA3773D-D29A-41B3-A19F-5F510D116F61} = {1B512F37-8FF8-4DFF-9FA2-D6BB2BF81C46}
		{C510C6A1-BA3B-467A-998B-19410F5106FE} = {1B512F37-8FF8-4DFF-9FA2-D6BB2BF81C46}
		{7F7D7FCB-AFD7-42A9-B9EE-DFDE9DA952A5} = {BA6CA413-D6E7-4E9A-9BA1-BC50295B50B2}
		{A5A8377F-C564-4C59-9BD5-388C3D70C0F4} = {C1D07077-0FB9-45DB-9C74-DCA575E1716B}
		{35AB5FD2-7C8A-427B-8D39-B5E6E6780556} = {DCA3773D-D29A-41B3-A19F-5F510D116F61}
		{3FC7E4AF-8BFF-459D-82CD-3FDBE6FB6A2C} = {C510C6A1-BA3B-467A-998B-19410F5106FE}
		{FDD30C28-7202-4640-931E-32AD0CCD8FAA} = {EC708099-A8ED-4B2D-AAC4-30373120A873}
		{B7CEE601-258C-42FE-9F27-C9D569027769} = {EC708099-A8ED-4B2D-AAC4-30373120A873}
		{54E3425B-903E-4486-87A0-7CA4BF1FB53F} = {EC708099-A8ED-4B2D-AAC4-30373120A873}
		{12CE9D1C-6255-479F-A992-345A75CFA495} = {BA6CA413-D6E7-4E9A-9BA1-BC50295B50B2}
		{0F195509-7C8A-4110-8655-AE33C93941FE} = {BA6CA413-D6E7-4E9A-9BA1-BC50295B50B2}
	EndGlobalSection
	GlobalSection(ExtensibilityGlobals) = postSolution
		SolutionGuid = {77F32AAE-5D3A-40D9-9AF9-BB05A42C56E2}
	EndGlobalSection
EndGlobal
